
Microsoft Visual Studio Solution File, Format Version 12.00
# Visual Studio Version 17
VisualStudioVersion = 17.4.33205.214
MinimumVisualStudioVersion = 10.0.40219.1
Project("{FAE04EC0-301F-11D3-BF4B-00C04F79EFBC}") = "Cvetomir_Proekt_Madjev", "Cvetomir_Proekt_Madjev\Cvetomir_Proekt_Madjev.csproj", "{14069D3C-9706-46A8-B21D-EFE142EC006A}"
EndProject
Global
	GlobalSection(SolutionConfigurationPlatforms) = preSolution
		Debug|Any CPU = Debug|Any CPU
		Release|Any CPU = Release|Any CPU
	EndGlobalSection
	GlobalSection(ProjectConfigurationPlatforms) = postSolution
		{14069D3C-9706-46A8-B21D-EFE142EC006A}.Debug|Any CPU.ActiveCfg = Debug|Any CPU
		{14069D3C-9706-46A8-B21D-EFE142EC006A}.Debug|Any CPU.Build.0 = Debug|Any CPU
		{14069D3C-9706-46A8-B21D-EFE142EC006A}.Release|Any CPU.ActiveCfg = Release|Any CPU
		{14069D3C-9706-46A8-B21D-EFE142EC006A}.Release|Any CPU.Build.0 = Release|Any CPU
	EndGlobalSection
	GlobalSection(SolutionProperties) = preSolution
		HideSolutionNode = FALSE
	EndGlobalSection
	GlobalSection(ExtensibilityGlobals) = postSolution
		SolutionGuid = {0BBECB8D-BA48-48B5-AB5B-58047FC69C01}
	EndGlobalSection
EndGlobal
